// !$*UTF8*$!
{
	archiveVersion = 1;
	classes = {
	};
	objectVersion = 48;
	objects = {

/* Begin PBXBuildFile section */
		83816CA720863D8F00DA46C1 /* SharkViewController.swift in Sources */ = {isa = PBXBuildFile; fileRef = 83816CA620863D8F00DA46C1 /* SharkViewController.swift */; };
		83816CA920863DB000DA46C1 /* OklahomaViewController.swift in Sources */ = {isa = PBXBuildFile; fileRef = 83816CA820863DB000DA46C1 /* OklahomaViewController.swift */; };
		83816CAB20863DC300DA46C1 /* OzarkViewController.swift in Sources */ = {isa = PBXBuildFile; fileRef = 83816CAA20863DC300DA46C1 /* OzarkViewController.swift */; };
		83816CAD20863DD800DA46C1 /* EcozoneViewController.swift in Sources */ = {isa = PBXBuildFile; fileRef = 83816CAC20863DD800DA46C1 /* EcozoneViewController.swift */; };
		83816CAF20863E2600DA46C1 /* InvertViewController.swift in Sources */ = {isa = PBXBuildFile; fileRef = 83816CAE20863E2600DA46C1 /* InvertViewController.swift */; };
		83816CB120863E4200DA46C1 /* SouthPacificViewController.swift in Sources */ = {isa = PBXBuildFile; fileRef = 83816CB020863E4200DA46C1 /* SouthPacificViewController.swift */; };
		83816CB320863E5B00DA46C1 /* SeaTurtleViewController.swift in Sources */ = {isa = PBXBuildFile; fileRef = 83816CB220863E5B00DA46C1 /* SeaTurtleViewController.swift */; };
		83816CB52086418700DA46C1 /* MapViewController.swift in Sources */ = {isa = PBXBuildFile; fileRef = 83816CB42086418700DA46C1 /* MapViewController.swift */; };
		83B2E65B207CFD9700348358 /* AppDelegate.swift in Sources */ = {isa = PBXBuildFile; fileRef = 83B2E65A207CFD9700348358 /* AppDelegate.swift */; };
		83B2E65D207CFD9700348358 /* ExtremeViewController.swift in Sources */ = {isa = PBXBuildFile; fileRef = 83B2E65C207CFD9700348358 /* ExtremeViewController.swift */; };
		83B2E65F207CFD9700348358 /* MarvelViewController.swift in Sources */ = {isa = PBXBuildFile; fileRef = 83B2E65E207CFD9700348358 /* MarvelViewController.swift */; };
		83B2E662207CFD9700348358 /* Main.storyboard in Resources */ = {isa = PBXBuildFile; fileRef = 83B2E660207CFD9700348358 /* Main.storyboard */; };
		83B2E664207CFD9700348358 /* Assets.xcassets in Resources */ = {isa = PBXBuildFile; fileRef = 83B2E663207CFD9700348358 /* Assets.xcassets */; };
		83B2E667207CFD9800348358 /* LaunchScreen.storyboard in Resources */ = {isa = PBXBuildFile; fileRef = 83B2E665207CFD9800348358 /* LaunchScreen.storyboard */; };
/* End PBXBuildFile section */

/* Begin PBXFileReference section */
		83816CA620863D8F00DA46C1 /* SharkViewController.swift */ = {isa = PBXFileReference; lastKnownFileType = sourcecode.swift; path = SharkViewController.swift; sourceTree = "<group>"; };
		83816CA820863DB000DA46C1 /* OklahomaViewController.swift */ = {isa = PBXFileReference; lastKnownFileType = sourcecode.swift; path = OklahomaViewController.swift; sourceTree = "<group>"; };
		83816CAA20863DC300DA46C1 /* OzarkViewController.swift */ = {isa = PBXFileReference; lastKnownFileType = sourcecode.swift; path = OzarkViewController.swift; sourceTree = "<group>"; };
		83816CAC20863DD800DA46C1 /* EcozoneViewController.swift */ = {isa = PBXFileReference; lastKnownFileType = sourcecode.swift; path = EcozoneViewController.swift; sourceTree = "<group>"; };
		83816CAE20863E2600DA46C1 /* InvertViewController.swift */ = {isa = PBXFileReference; lastKnownFileType = sourcecode.swift; path = InvertViewController.swift; sourceTree = "<group>"; };
		83816CB020863E4200DA46C1 /* SouthPacificViewController.swift */ = {isa = PBXFileReference; lastKnownFileType = sourcecode.swift; path = SouthPacificViewController.swift; sourceTree = "<group>"; };
		83816CB220863E5B00DA46C1 /* SeaTurtleViewController.swift */ = {isa = PBXFileReference; lastKnownFileType = sourcecode.swift; path = SeaTurtleViewController.swift; sourceTree = "<group>"; };
		83816CB42086418700DA46C1 /* MapViewController.swift */ = {isa = PBXFileReference; lastKnownFileType = sourcecode.swift; path = MapViewController.swift; sourceTree = "<group>"; };
		83B2E657207CFD9700348358 /* AquaTest1.app */ = {isa = PBXFileReference; explicitFileType = wrapper.application; includeInIndex = 0; path = AquaTest1.app; sourceTree = BUILT_PRODUCTS_DIR; };
		83B2E65A207CFD9700348358 /* AppDelegate.swift */ = {isa = PBXFileReference; lastKnownFileType = sourcecode.swift; path = AppDelegate.swift; sourceTree = "<group>"; };
		83B2E65C207CFD9700348358 /* ExtremeViewController.swift */ = {isa = PBXFileReference; lastKnownFileType = sourcecode.swift; path = ExtremeViewController.swift; sourceTree = "<group>"; };
		83B2E65E207CFD9700348358 /* MarvelViewController.swift */ = {isa = PBXFileReference; lastKnownFileType = sourcecode.swift; path = MarvelViewController.swift; sourceTree = "<group>"; };
		83B2E661207CFD9700348358 /* Base */ = {isa = PBXFileReference; lastKnownFileType = file.storyboard; name = Base; path = Base.lproj/Main.storyboard; sourceTree = "<group>"; };
		83B2E663207CFD9700348358 /* Assets.xcassets */ = {isa = PBXFileReference; lastKnownFileType = folder.assetcatalog; path = Assets.xcassets; sourceTree = "<group>"; };
		83B2E666207CFD9800348358 /* Base */ = {isa = PBXFileReference; lastKnownFileType = file.storyboard; name = Base; path = Base.lproj/LaunchScreen.storyboard; sourceTree = "<group>"; };
		83B2E668207CFD9800348358 /* Info.plist */ = {isa = PBXFileReference; lastKnownFileType = text.plist.xml; path = Info.plist; sourceTree = "<group>"; };
/* End PBXFileReference section */

/* Begin PBXFrameworksBuildPhase section */
		83B2E654207CFD9700348358 /* Frameworks */ = {
			isa = PBXFrameworksBuildPhase;
			buildActionMask = 2147483647;
			files = (
			);
			runOnlyForDeploymentPostprocessing = 0;
		};
/* End PBXFrameworksBuildPhase section */

/* Begin PBXGroup section */
		83B2E64E207CFD9700348358 = {
			isa = PBXGroup;
			children = (
				83B2E659207CFD9700348358 /* AquaTest1 */,
				83B2E658207CFD9700348358 /* Products */,
			);
			sourceTree = "<group>";
		};
		83B2E658207CFD9700348358 /* Products */ = {
			isa = PBXGroup;
			children = (
				83B2E657207CFD9700348358 /* AquaTest1.app */,
			);
			name = Products;
			sourceTree = "<group>";
		};
		83B2E659207CFD9700348358 /* AquaTest1 */ = {
			isa = PBXGroup;
			children = (
				83B2E65A207CFD9700348358 /* AppDelegate.swift */,
				83816CB42086418700DA46C1 /* MapViewController.swift */,
				83816CAE20863E2600DA46C1 /* InvertViewController.swift */,
				83B2E65C207CFD9700348358 /* ExtremeViewController.swift */,
				83816CA820863DB000DA46C1 /* OklahomaViewController.swift */,
				83816CAA20863DC300DA46C1 /* OzarkViewController.swift */,
				83816CAC20863DD800DA46C1 /* EcozoneViewController.swift */,
				83816CA620863D8F00DA46C1 /* SharkViewController.swift */,
				83816CB020863E4200DA46C1 /* SouthPacificViewController.swift */,
				83816CB220863E5B00DA46C1 /* SeaTurtleViewController.swift */,
				83B2E65E207CFD9700348358 /* MarvelViewController.swift */,
				83B2E660207CFD9700348358 /* Main.storyboard */,
				83B2E663207CFD9700348358 /* Assets.xcassets */,
				83B2E665207CFD9800348358 /* LaunchScreen.storyboard */,
				83B2E668207CFD9800348358 /* Info.plist */,
			);
			path = AquaTest1;
			sourceTree = "<group>";
		};
/* End PBXGroup section */

/* Begin PBXNativeTarget section */
		83B2E656207CFD9700348358 /* AquaTest1 */ = {
			isa = PBXNativeTarget;
			buildConfigurationList = 83B2E66B207CFD9800348358 /* Build configuration list for PBXNativeTarget "AquaTest1" */;
			buildPhases = (
				83B2E653207CFD9700348358 /* Sources */,
				83B2E654207CFD9700348358 /* Frameworks */,
				83B2E655207CFD9700348358 /* Resources */,
			);
			buildRules = (
			);
			dependencies = (
			);
			name = AquaTest1;
			productName = AquaTest1;
			productReference = 83B2E657207CFD9700348358 /* AquaTest1.app */;
			productType = "com.apple.product-type.application";
		};
/* End PBXNativeTarget section */

/* Begin PBXProject section */
		83B2E64F207CFD9700348358 /* Project object */ = {
			isa = PBXProject;
			attributes = {
				LastSwiftUpdateCheck = 0920;
				LastUpgradeCheck = 0920;
				ORGANIZATIONNAME = "Wade C. Tunnell";
				TargetAttributes = {
					83B2E656207CFD9700348358 = {
						CreatedOnToolsVersion = 9.2;
						ProvisioningStyle = Automatic;
					};
				};
			};
			buildConfigurationList = 83B2E652207CFD9700348358 /* Build configuration list for PBXProject "AquaTest1" */;
			compatibilityVersion = "Xcode 8.0";
			developmentRegion = en;
			hasScannedForEncodings = 0;
			knownRegions = (
				en,
				Base,
			);
			mainGroup = 83B2E64E207CFD9700348358;
			productRefGroup = 83B2E658207CFD9700348358 /* Products */;
			projectDirPath = "";
			projectRoot = "";
			targets = (
				83B2E656207CFD9700348358 /* AquaTest1 */,
			);
		};
/* End PBXProject section */

/* Begin PBXResourcesBuildPhase section */
		83B2E655207CFD9700348358 /* Resources */ = {
			isa = PBXResourcesBuildPhase;
			buildActionMask = 2147483647;
			files = (
				83B2E667207CFD9800348358 /* LaunchScreen.storyboard in Resources */,
				83B2E664207CFD9700348358 /* Assets.xcassets in Resources */,
				83B2E662207CFD9700348358 /* Main.storyboard in Resources */,
			);
			runOnlyForDeploymentPostprocessing = 0;
		};
/* End PBXResourcesBuildPhase section */

/* Begin PBXSourcesBuildPhase section */
		83B2E653207CFD9700348358 /* Sources */ = {
			isa = PBXSourcesBuildPhase;
			buildActionMask = 2147483647;
			files = (
				83816CB52086418700DA46C1 /* MapViewController.swift in Sources */,
				83816CA720863D8F00DA46C1 /* SharkViewController.swift in Sources */,
				83B2E65F207CFD9700348358 /* MarvelViewController.swift in Sources */,
				83B2E65B207CFD9700348358 /* AppDelegate.swift in Sources */,
				83816CA920863DB000DA46C1 /* OklahomaViewController.swift in Sources */,
				83816CAF20863E2600DA46C1 /* InvertViewController.swift in Sources */,
				83816CAB20863DC300DA46C1 /* OzarkViewController.swift in Sources */,
				83816CB320863E5B00DA46C1 /* SeaTurtleViewController.swift in Sources */,
				83816CB120863E4200DA46C1 /* SouthPacificViewController.swift in Sources */,
				83816CAD20863DD800DA46C1 /* EcozoneViewController.swift in Sources */,
				83B2E65D207CFD9700348358 /* ExtremeViewController.swift in Sources */,
			);
			runOnlyForDeploymentPostprocessing = 0;
		};
/* End PBXSourcesBuildPhase section */

/* Begin PBXVariantGroup section */
		83B2E660207CFD9700348358 /* Main.storyboard */ = {
			isa = PBXVariantGroup;
			children = (
				83B2E661207CFD9700348358 /* Base */,
			);
			name = Main.storyboard;
			sourceTree = "<group>";
		};
		83B2E665207CFD9800348358 /* LaunchScreen.storyboard */ = {
			isa = PBXVariantGroup;
			children = (
				83B2E666207CFD9800348358 /* Base */,
			);
			name = LaunchScreen.storyboard;
			sourceTree = "<group>";
		};
/* End PBXVariantGroup section */

/* Begin XCBuildConfiguration section */
		83B2E669207CFD9800348358 /* Debug */ = {
			isa = XCBuildConfiguration;
			buildSettings = {
				ALWAYS_SEARCH_USER_PATHS = NO;
				CLANG_ANALYZER_NONNULL = YES;
				CLANG_ANALYZER_NUMBER_OBJECT_CONVERSION = YES_AGGRESSIVE;
				CLANG_CXX_LANGUAGE_STANDARD = "gnu++14";
				CLANG_CXX_LIBRARY = "libc++";
				CLANG_ENABLE_MODULES = YES;
				CLANG_ENABLE_OBJC_ARC = YES;
				CLANG_WARN_BLOCK_CAPTURE_AUTORELEASING = YES;
				CLANG_WARN_BOOL_CONVERSION = YES;
				CLANG_WARN_COMMA = YES;
				CLANG_WARN_CONSTANT_CONVERSION = YES;
				CLANG_WARN_DIRECT_OBJC_ISA_USAGE = YES_ERROR;
				CLANG_WARN_DOCUMENTATION_COMMENTS = YES;
				CLANG_WARN_EMPTY_BODY = YES;
				CLANG_WARN_ENUM_CONVERSION = YES;
				CLANG_WARN_INFINITE_RECURSION = YES;
				CLANG_WARN_INT_CONVERSION = YES;
				CLANG_WARN_NON_LITERAL_NULL_CONVERSION = YES;
				CLANG_WARN_OBJC_LITERAL_CONVERSION = YES;
				CLANG_WARN_OBJC_ROOT_CLASS = YES_ERROR;
				CLANG_WARN_RANGE_LOOP_ANALYSIS = YES;
				CLANG_WARN_STRICT_PROTOTYPES = YES;
				CLANG_WARN_SUSPICIOUS_MOVE = YES;
				CLANG_WARN_UNGUARDED_AVAILABILITY = YES_AGGRESSIVE;
				CLANG_WARN_UNREACHABLE_CODE = YES;
				CLANG_WARN__DUPLICATE_METHOD_MATCH = YES;
				CODE_SIGN_IDENTITY = "iPhone Developer";
				COPY_PHASE_STRIP = NO;
				DEBUG_INFORMATION_FORMAT = dwarf;
				ENABLE_STRICT_OBJC_MSGSEND = YES;
				ENABLE_TESTABILITY = YES;
				GCC_C_LANGUAGE_STANDARD = gnu11;
				GCC_DYNAMIC_NO_PIC = NO;
				GCC_NO_COMMON_BLOCKS = YES;
				GCC_OPTIMIZATION_LEVEL = 0;
				GCC_PREPROCESSOR_DEFINITIONS = (
					"DEBUG=1",
					"$(inherited)",
				);
				GCC_WARN_64_TO_32_BIT_CONVERSION = YES;
				GCC_WARN_ABOUT_RETURN_TYPE = YES_ERROR;
				GCC_WARN_UNDECLARED_SELECTOR = YES;
				GCC_WARN_UNINITIALIZED_AUTOS = YES_AGGRESSIVE;
				GCC_WARN_UNUSED_FUNCTION = YES;
				GCC_WARN_UNUSED_VARIABLE = YES;
				IPHONEOS_DEPLOYMENT_TARGET = 11.2;
				MTL_ENABLE_DEBUG_INFO = YES;
				ONLY_ACTIVE_ARCH = YES;
				SDKROOT = iphoneos;
				SWIFT_ACTIVE_COMPILATION_CONDITIONS = DEBUG;
				SWIFT_OPTIMIZATION_LEVEL = "-Onone";
			};
			name = Debug;
		};
		83B2E66A207CFD9800348358 /* Release */ = {
			isa = XCBuildConfiguration;
			buildSettings = {
				ALWAYS_SEARCH_USER_PATHS = NO;
				CLANG_ANALYZER_NONNULL = YES;
				CLANG_ANALYZER_NUMBER_OBJECT_CONVERSION = YES_AGGRESSIVE;
				CLANG_CXX_LANGUAGE_STANDARD = "gnu++14";
				CLANG_CXX_LIBRARY = "libc++";
				CLANG_ENABLE_MODULES = YES;
				CLANG_ENABLE_OBJC_ARC = YES;
				CLANG_WARN_BLOCK_CAPTURE_AUTORELEASING = YES;
				CLANG_WARN_BOOL_CONVERSION = YES;
				CLANG_WARN_COMMA = YES;
				CLANG_WARN_CONSTANT_CONVERSION = YES;
				CLANG_WARN_DIRECT_OBJC_ISA_USAGE = YES_ERROR;
				CLANG_WARN_DOCUMENTATION_COMMENTS = YES;
				CLANG_WARN_EMPTY_BODY = YES;
				CLANG_WARN_ENUM_CONVERSION = YES;
				CLANG_WARN_INFINITE_RECURSION = YES;
				CLANG_WARN_INT_CONVERSION = YES;
				CLANG_WARN_NON_LITERAL_NULL_CONVERSION = YES;
				CLANG_WARN_OBJC_LITERAL_CONVERSION = YES;
				CLANG_WARN_OBJC_ROOT_CLASS = YES_ERROR;
				CLANG_WARN_RANGE_LOOP_ANALYSIS = YES;
				CLANG_WARN_STRICT_PROTOTYPES = YES;
				CLANG_WARN_SUSPICIOUS_MOVE = YES;
				CLANG_WARN_UNGUARDED_AVAILABILITY = YES_AGGRESSIVE;
				CLANG_WARN_UNREACHABLE_CODE = YES;
				CLANG_WARN__DUPLICATE_METHOD_MATCH = YES;
				CODE_SIGN_IDENTITY = "iPhone Developer";
				COPY_PHASE_STRIP = NO;
				DEBUG_INFORMATION_FORMAT = "dwarf-with-dsym";
				ENABLE_NS_ASSERTIONS = NO;
				ENABLE_STRICT_OBJC_MSGSEND = YES;
				GCC_C_LANGUAGE_STANDARD = gnu11;
				GCC_NO_COMMON_BLOCKS = YES;
				GCC_WARN_64_TO_32_BIT_CONVERSION = YES;
				GCC_WARN_ABOUT_RETURN_TYPE = YES_ERROR;
				GCC_WARN_UNDECLARED_SELECTOR = YES;
				GCC_WARN_UNINITIALIZED_AUTOS = YES_AGGRESSIVE;
				GCC_WARN_UNUSED_FUNCTION = YES;
				GCC_WARN_UNUSED_VARIABLE = YES;
				IPHONEOS_DEPLOYMENT_TARGET = 11.2;
				MTL_ENABLE_DEBUG_INFO = NO;
				SDKROOT = iphoneos;
				SWIFT_OPTIMIZATION_LEVEL = "-Owholemodule";
				VALIDATE_PRODUCT = YES;
			};
			name = Release;
		};
		83B2E66C207CFD9800348358 /* Debug */ = {
			isa = XCBuildConfiguration;
			buildSettings = {
				ASSETCATALOG_COMPILER_APPICON_NAME = AppIcon;
				CODE_SIGN_STYLE = Automatic;
				INFOPLIST_FILE = AquaTest1/Info.plist;
				LD_RUNPATH_SEARCH_PATHS = "$(inherited) @executable_path/Frameworks";
				PRODUCT_BUNDLE_IDENTIFIER = com.wadetunnell.AquaTest1;
				PRODUCT_NAME = "$(TARGET_NAME)";
				SWIFT_VERSION = 4.0;
				TARGETED_DEVICE_FAMILY = "1,2";
			};
			name = Debug;
		};
		83B2E66D207CFD9800348358 /* Release */ = {
			isa = XCBuildConfiguration;
			buildSettings = {
				ASSETCATALOG_COMPILER_APPICON_NAME = AppIcon;
				CODE_SIGN_STYLE = Automatic;
				INFOPLIST_FILE = AquaTest1/Info.plist;
				LD_RUNPATH_SEARCH_PATHS = "$(inherited) @executable_path/Frameworks";
				PRODUCT_BUNDLE_IDENTIFIER = com.wadetunnell.AquaTest1;
				PRODUCT_NAME = "$(TARGET_NAME)";
				SWIFT_VERSION = 4.0;
				TARGETED_DEVICE_FAMILY = "1,2";
			};
			name = Release;
		};
/* End XCBuildConfiguration section */

/* Begin XCConfigurationList section */
		83B2E652207CFD9700348358 /* Build configuration list for PBXProject "AquaTest1" */ = {
			isa = XCConfigurationList;
			buildConfigurations = (
				83B2E669207CFD9800348358 /* Debug */,
				83B2E66A207CFD9800348358 /* Release */,
			);
			defaultConfigurationIsVisible = 0;
			defaultConfigurationName = Release;
		};
		83B2E66B207CFD9800348358 /* Build configuration list for PBXNativeTarget "AquaTest1" */ = {
			isa = XCConfigurationList;
			buildConfigurations = (
				83B2E66C207CFD9800348358 /* Debug */,
				83B2E66D207CFD9800348358 /* Release */,
			);
			defaultConfigurationIsVisible = 0;
			defaultConfigurationName = Release;
		};
/* End XCConfigurationList section */
	};
	rootObject = 83B2E64F207CFD9700348358 /* Project object */;
}
